
Microsoft Visual Studio Solution File, Format Version 12.00
# Visual Studio Version 17
VisualStudioVersion = 17.9.34701.34
MinimumVisualStudioVersion = 10.0.40219.1
Project("{778DAE3C-4631-46EA-AA77-85C1314464D9}") = "24_04_09-Actividad", "24_04_03-Actividad_1-VB\24_04_09-Actividad.vbproj", "{D5CA44E3-5CCF-4BA5-9CFB-C66899C744F6}"
EndProject
Global
	GlobalSection(SolutionConfigurationPlatforms) = preSolution
		Debug|Any CPU = Debug|Any CPU
		Release|Any CPU = Release|Any CPU
	EndGlobalSection
	GlobalSection(ProjectConfigurationPlatforms) = postSolution
		{D5CA44E3-5CCF-4BA5-9CFB-C66899C744F6}.Debug|Any CPU.ActiveCfg = Debug|Any CPU
		{D5CA44E3-5CCF-4BA5-9CFB-C66899C744F6}.Debug|Any CPU.Build.0 = Debug|Any CPU
		{D5CA44E3-5CCF-4BA5-9CFB-C66899C744F6}.Release|Any CPU.ActiveCfg = Release|Any CPU
		{D5CA44E3-5CCF-4BA5-9CFB-C66899C744F6}.Release|Any CPU.Build.0 = Release|Any CPU
	EndGlobalSection
	GlobalSection(SolutionProperties) = preSolution
		HideSolutionNode = FALSE
	EndGlobalSection
	GlobalSection(ExtensibilityGlobals) = postSolution
		SolutionGuid = {7222D4E9-845C-4453-9D11-01D130B9D98B}
	EndGlobalSection
EndGlobal
